
Microsoft Visual Studio Solution File, Format Version 12.00
# Visual Studio Version 17
VisualStudioVersion = 17.11.35208.52
MinimumVisualStudioVersion = 10.0.40219.1
Project("{9A19103F-16F7-4668-BE54-9A1E7A4F7556}") = "SpendSense", "SpendSense\SpendSense.csproj", "{6684F028-BB15-4C25-B49D-EB80B62C6F36}"
EndProject
Project("{2150E333-8FDC-42A3-9474-1A3956D46DE8}") = "Solution Items", "Solution Items", "{21917022-58C9-4265-B81A-2FA7B65E5482}"
	ProjectSection(SolutionItems) = preProject
		.editorconfig = .editorconfig
	EndProjectSection
EndProject
Global
	GlobalSection(SolutionConfigurationPlatforms) = preSolution
		Debug|Any CPU = Debug|Any CPU
		Release|Any CPU = Release|Any CPU
	EndGlobalSection
	GlobalSection(ProjectConfigurationPlatforms) = postSolution
		{6684F028-BB15-4C25-B49D-EB80B62C6F36}.Debug|Any CPU.ActiveCfg = Debug|Any CPU
		{6684F028-BB15-4C25-B49D-EB80B62C6F36}.Debug|Any CPU.Build.0 = Debug|Any CPU
		{6684F028-BB15-4C25-B49D-EB80B62C6F36}.Release|Any CPU.ActiveCfg = Release|Any CPU
		{6684F028-BB15-4C25-B49D-EB80B62C6F36}.Release|Any CPU.Build.0 = Release|Any CPU
	EndGlobalSection
	GlobalSection(SolutionProperties) = preSolution
		HideSolutionNode = FALSE
	EndGlobalSection
	GlobalSection(ExtensibilityGlobals) = postSolution
		SolutionGuid = {A9B4D68B-BB16-4736-A476-2F37BC1BE5D6}
	EndGlobalSection
EndGlobal
